<?xml version="1.0" encoding="utf-8"?>
<Project ToolsVersion="4.0" xmlns="http://schemas.microsoft.com/developer/msbuild/2003">
  <ItemGroup>
    <ClCompile Include="main.cpp">
      <Filter>main</Filter>
    </ClCompile>
    <ClCompile Include="stdafx.cpp">
      <Filter>main\pre header</Filter>
    </ClCompile>
    <ClCompile Include="..\..\src\image\image_profilter.cpp">
      <Filter>image_profiler\image</Filter>
    </ClCompile>
  </ItemGroup>
  <ItemGroup>
    <ClInclude Include="stdafx.h">
      <Filter>main\pre header</Filter>
    </ClInclude>
    <ClInclude Include="targetver.h">
      <Filter>main\pre header</Filter>
    </ClInclude>
    <ClInclude Include="..\..\include\opencv2\opencv_library_reader.hpp">
      <Filter>main\pre header</Filter>
    </ClInclude>
    <ClInclude Include="..\..\include\image\image_profilter.hpp">
      <Filter>image_profiler\image</Filter>
    </ClInclude>
  </ItemGroup>
  <ItemGroup>
    <Filter Include="main">
      <UniqueIdentifier>{698f12ae-d869-48b7-964b-51fbe7d0d581}</UniqueIdentifier>
    </Filter>
    <Filter Include="main\pre header">
      <UniqueIdentifier>{48f39c32-f1a3-44e8-983b-4b87fa161ee4}</UniqueIdentifier>
    </Filter>
    <Filter Include="image_profiler">
      <UniqueIdentifier>{da17006e-049f-4523-98d3-cebe6b269edf}</UniqueIdentifier>
    </Filter>
    <Filter Include="image_profiler\image">
      <UniqueIdentifier>{6f9cde60-da8d-42f4-9819-823d52237b11}</UniqueIdentifier>
    </Filter>
  </ItemGroup>
</Project>